
Microsoft Visual Studio Solution File, Format Version 12.00
# Visual Studio Version 16
VisualStudioVersion = 16.0.30413.136
MinimumVisualStudioVersion = 10.0.40219.1
Project("{2150E333-8FDC-42A3-9474-1A3956D46DE8}") = "Application", "Application", "{CC99AD5F-8151-49B4-A0CE-0AC580FFF8E2}"
EndProject
Project("{2150E333-8FDC-42A3-9474-1A3956D46DE8}") = "Infrastructure.Data", "Infrastructure.Data", "{A207E0DB-BD85-4DCE-A860-DFFF33FA7378}"
EndProject
Project("{2150E333-8FDC-42A3-9474-1A3956D46DE8}") = "Infrastructure.IoC", "Infrastructure.IoC", "{3B7D27EE-A39D-4864-AA6C-8E6726CB781D}"
EndProject
Project("{2150E333-8FDC-42A3-9474-1A3956D46DE8}") = "Domain", "Domain", "{AD0B5B38-7F56-469B-8906-E99C504CE834}"
EndProject
Project("{2150E333-8FDC-42A3-9474-1A3956D46DE8}") = "Presentation", "Presentation", "{2087F7D9-B9FC-485C-AA1C-1121C5D4123D}"
EndProject
Project("{9A19103F-16F7-4668-BE54-9A1E7A4F7556}") = "CleanArch.Domain", "CleanArch.Domain\CleanArch.Domain.csproj", "{C46AC264-36C3-48EA-9264-85BAB3BF9D87}"
EndProject
Project("{9A19103F-16F7-4668-BE54-9A1E7A4F7556}") = "CleanArch.Infrastructure.Data", "CleanArch.Infrastructure.Data\CleanArch.Infrastructure.Data.csproj", "{00521960-8DF3-4709-AC85-BEDA38620E16}"
EndProject
Project("{9A19103F-16F7-4668-BE54-9A1E7A4F7556}") = "CleanArch.Application", "CleanArch.Application\CleanArch.Application.csproj", "{656F026F-E4F0-41A1-99AC-8F636DEDB28A}"
EndProject
Project("{9A19103F-16F7-4668-BE54-9A1E7A4F7556}") = "CleanArch.Infrastructure.IoC", "CleanArch.Infrastructure.IoC\CleanArch.Infrastructure.IoC.csproj", "{C4CC05F8-C6A8-41E5-8E49-777A6DC2B348}"
EndProject
Project("{2150E333-8FDC-42A3-9474-1A3956D46DE8}") = "Infrastructure.Bus", "Infrastructure.Bus", "{5B384987-0AC4-42AE-A617-99CB67070136}"
EndProject
Project("{2150E333-8FDC-42A3-9474-1A3956D46DE8}") = "Api", "Api", "{7117F6A8-5790-4EB7-A629-064BB7EDA4F8}"
EndProject
Project("{9A19103F-16F7-4668-BE54-9A1E7A4F7556}") = "CleanArch.Infrastructure.Bus", "CleanArch.Infrastructure.Bus\CleanArch.Infrastructure.Bus.csproj", "{DE165CEE-0D99-4909-9CE2-F8B46B57A111}"
EndProject
Project("{9A19103F-16F7-4668-BE54-9A1E7A4F7556}") = "CleanArch.Domain.Core", "CleanArch.Domain.Core\CleanArch.Domain.Core.csproj", "{40ED62FC-2E2B-4330-85F8-936CA38FBF7D}"
EndProject
Project("{9A19103F-16F7-4668-BE54-9A1E7A4F7556}") = "CleanArch.Api", "CleanArch.Api\CleanArch.Api.csproj", "{0A189A05-937B-43C4-8FEE-66B8913C972A}"
EndProject
Project("{9A19103F-16F7-4668-BE54-9A1E7A4F7556}") = "CleanArch.Mvc", "CleanArch.UI.Mvc\CleanArch.Mvc.csproj", "{2086807D-FA6A-43B2-A68A-DFF2D3389CD8}"
EndProject
Project("{2150E333-8FDC-42A3-9474-1A3956D46DE8}") = "Docker", "Docker", "{742908F7-69F6-493B-9B76-F8DE75B0EC7A}"
EndProject
Project("{E53339B2-1760-4266-BCC7-CA923CBCF16C}") = "docker-compose", "CleanArch.Docker\docker-compose.dcproj", "{F8ABF2C0-C730-43D8-8AA6-720E4BCACE88}"
EndProject
Global
	GlobalSection(SolutionConfigurationPlatforms) = preSolution
		Debug|Any CPU = Debug|Any CPU
		Release|Any CPU = Release|Any CPU
	EndGlobalSection
	GlobalSection(ProjectConfigurationPlatforms) = postSolution
		{C46AC264-36C3-48EA-9264-85BAB3BF9D87}.Debug|Any CPU.ActiveCfg = Debug|Any CPU
		{C46AC264-36C3-48EA-9264-85BAB3BF9D87}.Debug|Any CPU.Build.0 = Debug|Any CPU
		{C46AC264-36C3-48EA-9264-85BAB3BF9D87}.Release|Any CPU.ActiveCfg = Release|Any CPU
		{C46AC264-36C3-48EA-9264-85BAB3BF9D87}.Release|Any CPU.Build.0 = Release|Any CPU
		{00521960-8DF3-4709-AC85-BEDA38620E16}.Debug|Any CPU.ActiveCfg = Debug|Any CPU
		{00521960-8DF3-4709-AC85-BEDA38620E16}.Debug|Any CPU.Build.0 = Debug|Any CPU
		{00521960-8DF3-4709-AC85-BEDA38620E16}.Release|Any CPU.ActiveCfg = Release|Any CPU
		{00521960-8DF3-4709-AC85-BEDA38620E16}.Release|Any CPU.Build.0 = Release|Any CPU
		{656F026F-E4F0-41A1-99AC-8F636DEDB28A}.Debug|Any CPU.ActiveCfg = Debug|Any CPU
		{656F026F-E4F0-41A1-99AC-8F636DEDB28A}.Debug|Any CPU.Build.0 = Debug|Any CPU
		{656F026F-E4F0-41A1-99AC-8F636DEDB28A}.Release|Any CPU.ActiveCfg = Release|Any CPU
		{656F026F-E4F0-41A1-99AC-8F636DEDB28A}.Release|Any CPU.Build.0 = Release|Any CPU
		{C4CC05F8-C6A8-41E5-8E49-777A6DC2B348}.Debug|Any CPU.ActiveCfg = Debug|Any CPU
		{C4CC05F8-C6A8-41E5-8E49-777A6DC2B348}.Debug|Any CPU.Build.0 = Debug|Any CPU
		{C4CC05F8-C6A8-41E5-8E49-777A6DC2B348}.Release|Any CPU.ActiveCfg = Release|Any CPU
		{C4CC05F8-C6A8-41E5-8E49-777A6DC2B348}.Release|Any CPU.Build.0 = Release|Any CPU
		{DE165CEE-0D99-4909-9CE2-F8B46B57A111}.Debug|Any CPU.ActiveCfg = Debug|Any CPU
		{DE165CEE-0D99-4909-9CE2-F8B46B57A111}.Debug|Any CPU.Build.0 = Debug|Any CPU
		{DE165CEE-0D99-4909-9CE2-F8B46B57A111}.Release|Any CPU.ActiveCfg = Release|Any CPU
		{DE165CEE-0D99-4909-9CE2-F8B46B57A111}.Release|Any CPU.Build.0 = Release|Any CPU
		{40ED62FC-2E2B-4330-85F8-936CA38FBF7D}.Debug|Any CPU.ActiveCfg = Debug|Any CPU
		{40ED62FC-2E2B-4330-85F8-936CA38FBF7D}.Debug|Any CPU.Build.0 = Debug|Any CPU
		{40ED62FC-2E2B-4330-85F8-936CA38FBF7D}.Release|Any CPU.ActiveCfg = Release|Any CPU
		{40ED62FC-2E2B-4330-85F8-936CA38FBF7D}.Release|Any CPU.Build.0 = Release|Any CPU
		{0A189A05-937B-43C4-8FEE-66B8913C972A}.Debug|Any CPU.ActiveCfg = Debug|Any CPU
		{0A189A05-937B-43C4-8FEE-66B8913C972A}.Debug|Any CPU.Build.0 = Debug|Any CPU
		{0A189A05-937B-43C4-8FEE-66B8913C972A}.Release|Any CPU.ActiveCfg = Release|Any CPU
		{0A189A05-937B-43C4-8FEE-66B8913C972A}.Release|Any CPU.Build.0 = Release|Any CPU
		{2086807D-FA6A-43B2-A68A-DFF2D3389CD8}.Debug|Any CPU.ActiveCfg = Debug|Any CPU
		{2086807D-FA6A-43B2-A68A-DFF2D3389CD8}.Debug|Any CPU.Build.0 = Debug|Any CPU
		{2086807D-FA6A-43B2-A68A-DFF2D3389CD8}.Release|Any CPU.ActiveCfg = Release|Any CPU
		{2086807D-FA6A-43B2-A68A-DFF2D3389CD8}.Release|Any CPU.Build.0 = Release|Any CPU
		{F8ABF2C0-C730-43D8-8AA6-720E4BCACE88}.Debug|Any CPU.ActiveCfg = Debug|Any CPU
		{F8ABF2C0-C730-43D8-8AA6-720E4BCACE88}.Debug|Any CPU.Build.0 = Debug|Any CPU
		{F8ABF2C0-C730-43D8-8AA6-720E4BCACE88}.Release|Any CPU.ActiveCfg = Release|Any CPU
		{F8ABF2C0-C730-43D8-8AA6-720E4BCACE88}.Release|Any CPU.Build.0 = Release|Any CPU
	EndGlobalSection
	GlobalSection(SolutionProperties) = preSolution
		HideSolutionNode = FALSE
	EndGlobalSection
	GlobalSection(NestedProjects) = preSolution
		{C46AC264-36C3-48EA-9264-85BAB3BF9D87} = {AD0B5B38-7F56-469B-8906-E99C504CE834}
		{00521960-8DF3-4709-AC85-BEDA38620E16} = {A207E0DB-BD85-4DCE-A860-DFFF33FA7378}
		{656F026F-E4F0-41A1-99AC-8F636DEDB28A} = {CC99AD5F-8151-49B4-A0CE-0AC580FFF8E2}
		{C4CC05F8-C6A8-41E5-8E49-777A6DC2B348} = {3B7D27EE-A39D-4864-AA6C-8E6726CB781D}
		{DE165CEE-0D99-4909-9CE2-F8B46B57A111} = {5B384987-0AC4-42AE-A617-99CB67070136}
		{40ED62FC-2E2B-4330-85F8-936CA38FBF7D} = {AD0B5B38-7F56-469B-8906-E99C504CE834}
		{0A189A05-937B-43C4-8FEE-66B8913C972A} = {7117F6A8-5790-4EB7-A629-064BB7EDA4F8}
		{2086807D-FA6A-43B2-A68A-DFF2D3389CD8} = {2087F7D9-B9FC-485C-AA1C-1121C5D4123D}
		{F8ABF2C0-C730-43D8-8AA6-720E4BCACE88} = {742908F7-69F6-493B-9B76-F8DE75B0EC7A}
	EndGlobalSection
	GlobalSection(ExtensibilityGlobals) = postSolution
		SolutionGuid = {9D0B09FF-65B9-4142-BCEE-6C5955EE830D}
	EndGlobalSection
EndGlobal
